
Microsoft Visual Studio Solution File, Format Version 12.00
# Visual Studio Version 17
VisualStudioVersion = 17.11.35312.102
MinimumVisualStudioVersion = 10.0.40219.1
Project("{9A19103F-16F7-4668-BE54-9A1E7A4F7556}") = "ExaminationProject", "ExaminationProject.csproj", "{EA19A83A-923D-48D1-8112-5DF0699979AA}"
EndProject
Global
	GlobalSection(SolutionConfigurationPlatforms) = preSolution
		Debug|Any CPU = Debug|Any CPU
		Release|Any CPU = Release|Any CPU
	EndGlobalSection
	GlobalSection(ProjectConfigurationPlatforms) = postSolution
		{EA19A83A-923D-48D1-8112-5DF0699979AA}.Debug|Any CPU.ActiveCfg = Debug|Any CPU
		{EA19A83A-923D-48D1-8112-5DF0699979AA}.Debug|Any CPU.Build.0 = Debug|Any CPU
		{EA19A83A-923D-48D1-8112-5DF0699979AA}.Release|Any CPU.ActiveCfg = Release|Any CPU
		{EA19A83A-923D-48D1-8112-5DF0699979AA}.Release|Any CPU.Build.0 = Release|Any CPU
	EndGlobalSection
	GlobalSection(SolutionProperties) = preSolution
		HideSolutionNode = FALSE
	EndGlobalSection
	GlobalSection(ExtensibilityGlobals) = postSolution
		SolutionGuid = {7AE1A215-D3F6-4719-B84D-6E760809FC9D}
	EndGlobalSection
EndGlobal
